
Microsoft Visual Studio Solution File, Format Version 12.00
# Visual Studio Version 17
VisualStudioVersion = 17.11.35312.102
MinimumVisualStudioVersion = 10.0.40219.1
Project("{9A19103F-16F7-4668-BE54-9A1E7A4F7556}") = "WeatherCityAPI", "WeatherCityAPI.csproj", "{27A6353C-3A32-47DB-B9D6-7C97EE20382E}"
EndProject
Project("{FAE04EC0-301F-11D3-BF4B-00C04F79EFBC}") = "WeatherCity.Test", "WeatherCity.Test\WeatherCity.Test.csproj", "{6EB186EE-DE2C-477D-992E-0F369104A536}"
EndProject
Global
	GlobalSection(SolutionConfigurationPlatforms) = preSolution
		Debug|Any CPU = Debug|Any CPU
		Release|Any CPU = Release|Any CPU
	EndGlobalSection
	GlobalSection(ProjectConfigurationPlatforms) = postSolution
		{27A6353C-3A32-47DB-B9D6-7C97EE20382E}.Debug|Any CPU.ActiveCfg = Debug|Any CPU
		{27A6353C-3A32-47DB-B9D6-7C97EE20382E}.Debug|Any CPU.Build.0 = Debug|Any CPU
		{27A6353C-3A32-47DB-B9D6-7C97EE20382E}.Release|Any CPU.ActiveCfg = Release|Any CPU
		{27A6353C-3A32-47DB-B9D6-7C97EE20382E}.Release|Any CPU.Build.0 = Release|Any CPU
		{6EB186EE-DE2C-477D-992E-0F369104A536}.Debug|Any CPU.ActiveCfg = Debug|Any CPU
		{6EB186EE-DE2C-477D-992E-0F369104A536}.Debug|Any CPU.Build.0 = Debug|Any CPU
		{6EB186EE-DE2C-477D-992E-0F369104A536}.Release|Any CPU.ActiveCfg = Release|Any CPU
		{6EB186EE-DE2C-477D-992E-0F369104A536}.Release|Any CPU.Build.0 = Release|Any CPU
	EndGlobalSection
	GlobalSection(SolutionProperties) = preSolution
		HideSolutionNode = FALSE
	EndGlobalSection
	GlobalSection(ExtensibilityGlobals) = postSolution
		SolutionGuid = {B2579012-9664-47A7-AFF4-C655A99049D8}
	EndGlobalSection
EndGlobal
